github.com/arriqaaq/art v0.1.2 h1:GoAiArsfRTV8wPb2X7/58ZFNBUwoPfGfsTvweeiYgzg=
github.com/arriqaaq/art v0.1.2/go.mod h1:11r05D8a+owc6lTpI/yVypn16g7LrsVif+8lU9riSDM=
github.com/buraksezer/sorted v0.0.0-20190925064702-aafacfa34653 h1:6jp0y4k/rQBnsfvpLo58yAW2DkhdweDnd2ed2NoByqg=
github.com/buraksezer/sorted v0.0.0-20190925064702-aafacfa34653/go.mod h1:4/1iEX6xpEOlW2OPPVTqz8djRkG/GhCHICjqTNls/nE=
github.com/davecgh/go-spew v1.1.0 h1:ZDRjVQ15GmhC3fiQ8ni8+OwkZQO4DARzQgrnXU1Liz8=
github.com/davecgh/go-spew v1.1.0/go.mod h1:J7Y8YcW2NihsgmVo/mv3lAwl/skON4iLHjSsI+c5H38=
github.com/gammazero/radixtree v0.2.5 h1:muPQ4eEgCkUymFWPiVQRuXOQv4IhWg8YXH2r71MoqPM=
github.com/gammazero/radixtree v0.2.5/go.mod h1:VPqqCDZ3YZZxAzUUsIF/ytFBigVWV7JIV1Stld8hri0=
github.com/google/btree v1.0.1 h1:gK4Kx5IaGY9CD5sPJ36FHiBJ6ZXl0kilRiiCj+jdYp4=
github.com/google/btree v1.0.1/go.mod h1:xXMiIv4Fb/0kKde4SpL7qlzvu5cMJDRkFDxJfI9uaxA=
github.com/plar/go-adaptive-radix-tree v1.0.4 h1:Ucd8R6RH2E7RW8ZtDKrsWyOD3paG2qqJO0I20WQ8oWQ=
github.com/plar/go-adaptive-radix-tree v1.0.4/go.mod h1:Ot8d28EII3i7Lv4PSvBlF8ejiD/CtRYDuPsySJbSaK8=
github.com/pmezard/go-difflib v1.0.0 h1:4DBwDE0NGyQoBHbLQYPwSUPoCMWR5BEzIk/f1lZbAQM=
github.com/pmezard/go-difflib v1.0.0/go.mod h1:iKH77koFhYxTK1pcRnkKkqfTogsbg7gZNVY4sRDYZ/4=
github.com/recoilme/btreeset v0.0.0-20200809183105-7b1adf6e3d3c h1:sK0DO2PhTuM2WVdCqvZN4YDJ0YBg/P0Q2IKb/0JDckw=
github.com/recoilme/btreeset v0.0.0-20200809183105-7b1adf6e3d3c/go.mod h1:CokJMa/61pPRjQN8IEVINptiOHJkwoGeAyFlAWgyj2g=
github.com/recoilme/sortedset v0.0.0-20200825100557-fdc6fff0bc87 h1:WKeK1vEaQllmIkb9ik8aZ7VP5k/xDf0O/bnnt9uwuYc=
github.com/recoilme/sortedset v0.0.0-20200825100557-fdc6fff0bc87/go.mod h1:YB55h6bCtRPPhCT4AWwAwKtKBk7xP4b9cZgUMnsgpMo=
github.com/stretchr/objx v0.1.0/go.mod h1:HFkY916IF+rwdDfMAkV7OtwuqBVzrE8GR6GFx+wExME=
github.com/stretchr/testify v1.3.0 h1:TivCn/peBQ7UY8ooIcPgZFpTNSz0Q2U6UrFlUfqbe0Q=
github.com/stretchr/testify v1.3.0/go.mod h1:M5WIy9Dh21IEIfnGCwXGc5bZfKNJtfHm1UVUgZn+9EI=
github.com/tidwall/lotsa v1.0.2 h1:dNVBH5MErdaQ/xd9s769R31/n2dXavsQ0Yf4TMEHHw8=
github.com/tidwall/lotsa v1.0.2/go.mod h1:X6NiU+4yHA3fE3Puvpnn1XMDrFZrE9JO2/w+UMuqgR8=
