github.com/armon/go-radix v1.0.0 h1:F4z6KzEeeQIMeLFa97iZU6vupzoecKdU5TX24SNppXI=
github.com/armon/go-radix v1.0.0/go.mod h1:ufUuZ+zHj4x4TnLV4JWEpy2hxWSpsRywHrMgIH9cCH8=
github.com/arriqaaq/art v0.1.2 h1:GoAiArsfRTV8wPb2X7/58ZFNBUwoPfGfsTvweeiYgzg=
github.com/arriqaaq/art v0.1.2/go.mod h1:11r05D8a+owc6lTpI/yVypn16g7LrsVif+8lU9riSDM=
github.com/arriqaaq/skiplist v0.1.6 h1:OtJ/6pcMFYnV22RwFUbz8CophthySLRq0vVAfWRAvzc=
github.com/arriqaaq/skiplist v0.1.6/go.mod h1:iFkbyk/oh3K2w9sPqtijfDrMeTcoGu6uI+9DSGL/Zxw=
github.com/buraksezer/sorted v0.0.0-20190925064702-aafacfa34653 h1:6jp0y4k/rQBnsfvpLo58yAW2DkhdweDnd2ed2NoByqg=
github.com/buraksezer/sorted v0.0.0-20190925064702-aafacfa34653/go.mod h1:4/1iEX6xpEOlW2OPPVTqz8djRkG/GhCHICjqTNls/nE=
github.com/davecgh/go-spew v1.1.0 h1:ZDRjVQ15GmhC3fiQ8ni8+OwkZQO4DARzQgrnXU1Liz8=
github.com/davecgh/go-spew v1.1.0/go.mod h1:J7Y8YcW2NihsgmVo/mv3lAwl/skON4iLHjSsI+c5H38=
github.com/gammazero/radixtree v0.2.5 h1:muPQ4eEgCkUymFWPiVQRuXOQv4IhWg8YXH2r71MoqPM=
github.com/gammazero/radixtree v0.2.5/go.mod h1:VPqqCDZ3YZZxAzUUsIF/ytFBigVWV7JIV1Stld8hri0=
github.com/google/btree v1.0.1 h1:gK4Kx5IaGY9CD5sPJ36FHiBJ6ZXl0kilRiiCj+jdYp4=
github.com/google/btree v1.0.1/go.mod h1:xXMiIv4Fb/0kKde4SpL7qlzvu5cMJDRkFDxJfI9uaxA=
github.com/plar/go-adaptive-radix-tree v1.0.4 h1:Ucd8R6RH2E7RW8ZtDKrsWyOD3paG2qqJO0I20WQ8oWQ=
github.com/plar/go-adaptive-radix-tree v1.0.4/go.mod h1:Ot8d28EII3i7Lv4PSvBlF8ejiD/CtRYDuPsySJbSaK8=
github.com/pmezard/go-difflib v1.0.0 h1:4DBwDE0NGyQoBHbLQYPwSUPoCMWR5BEzIk/f1lZbAQM=
github.com/pmezard/go-difflib v1.0.0/go.mod h1:iKH77koFhYxTK1pcRnkKkqfTogsbg7gZNVY4sRDYZ/4=
github.com/recoilme/art v0.0.0-20220703124802-da0d28b28891 h1:9o3O144vNevkYu/nMGtXu5JPaENLvsXY4xIwfOLhdOQ=
github.com/recoilme/art v0.0.0-20220703124802-da0d28b28891/go.mod h1:0E9iq5FSgWCyZ8z22zxeK2eGnFKUaxl3fIf6jjw0aVs=
github.com/recoilme/btreeset v0.0.0-20200809183105-7b1adf6e3d3c h1:sK0DO2PhTuM2WVdCqvZN4YDJ0YBg/P0Q2IKb/0JDckw=
github.com/recoilme/btreeset v0.0.0-20200809183105-7b1adf6e3d3c/go.mod h1:CokJMa/61pPRjQN8IEVINptiOHJkwoGeAyFlAWgyj2g=
github.com/recoilme/sortedset v0.0.0-20200825100557-fdc6fff0bc87 h1:WKeK1vEaQllmIkb9ik8aZ7VP5k/xDf0O/bnnt9uwuYc=
github.com/recoilme/sortedset v0.0.0-20200825100557-fdc6fff0bc87/go.mod h1:YB55h6bCtRPPhCT4AWwAwKtKBk7xP4b9cZgUMnsgpMo=
github.com/stretchr/objx v0.1.0/go.mod h1:HFkY916IF+rwdDfMAkV7OtwuqBVzrE8GR6GFx+wExME=
github.com/stretchr/testify v1.3.0/go.mod h1:M5WIy9Dh21IEIfnGCwXGc5bZfKNJtfHm1UVUgZn+9EI=
github.com/stretchr/testify v1.7.0/go.mod h1:6Fq8oRcR53rry900zMqJjRRixrwX3KX962/h/Wwjteg=
github.com/stretchr/testify v1.7.1 h1:5TQK59W5E3v0r2duFAb7P95B6hEeOyEnHRa8MjYSMTY=
github.com/stretchr/testify v1.7.1/go.mod h1:6Fq8oRcR53rry900zMqJjRRixrwX3KX962/h/Wwjteg=
github.com/tidwall/lotsa v1.0.2 h1:dNVBH5MErdaQ/xd9s769R31/n2dXavsQ0Yf4TMEHHw8=
github.com/tidwall/lotsa v1.0.2/go.mod h1:X6NiU+4yHA3fE3Puvpnn1XMDrFZrE9JO2/w+UMuqgR8=
gopkg.in/check.v1 v0.0.0-20161208181325-20d25e280405/go.mod h1:Co6ibVJAznAaIkqp8huTwlJQCZ016jof/cbN4VW5Yz0=
gopkg.in/yaml.v3 v3.0.0-20200313102051-9f266ea9e77c h1:dUUwHk2QECo/6vqA44rthZ8ie2QXMNeKRTHCNY2nXvo=
gopkg.in/yaml.v3 v3.0.0-20200313102051-9f266ea9e77c/go.mod h1:K4uyk7z7BCEPqu6E+C64Yfv1cQ7kz7rIZviUmN+EgEM=
